// !$*UTF8*$!
{
	archiveVersion = 1;
	classes = {
	};
	objectVersion = 48;
	objects = {

/* Begin PBXBuildFile section */
		0FA98B992057A0A6008B45F1 /* AppDelegate.swift in Sources */ = {isa = PBXBuildFile; fileRef = 0FA98B982057A0A6008B45F1 /* AppDelegate.swift */; };
		0FA98B9B2057A0A6008B45F1 /* ViewController.swift in Sources */ = {isa = PBXBuildFile; fileRef = 0FA98B9A2057A0A6008B45F1 /* ViewController.swift */; };
		0FA98B9E2057A0A6008B45F1 /* Main.storyboard in Resources */ = {isa = PBXBuildFile; fileRef = 0FA98B9C2057A0A6008B45F1 /* Main.storyboard */; };
		0FA98BA02057A0A6008B45F1 /* Assets.xcassets in Resources */ = {isa = PBXBuildFile; fileRef = 0FA98B9F2057A0A6008B45F1 /* Assets.xcassets */; };
		0FA98BA32057A0A6008B45F1 /* LaunchScreen.storyboard in Resources */ = {isa = PBXBuildFile; fileRef = 0FA98BA12057A0A6008B45F1 /* LaunchScreen.storyboard */; };
/* End PBXBuildFile section */

/* Begin PBXFileReference section */
		0FA98B952057A0A6008B45F1 /* fo-training.app */ = {isa = PBXFileReference; explicitFileType = wrapper.application; includeInIndex = 0; path = "fo-training.app"; sourceTree = BUILT_PRODUCTS_DIR; };
		0FA98B982057A0A6008B45F1 /* AppDelegate.swift */ = {isa = PBXFileReference; lastKnownFileType = sourcecode.swift; path = AppDelegate.swift; sourceTree = "<group>"; };
		0FA98B9A2057A0A6008B45F1 /* ViewController.swift */ = {isa = PBXFileReference; lastKnownFileType = sourcecode.swift; path = ViewController.swift; sourceTree = "<group>"; };
		0FA98B9D2057A0A6008B45F1 /* Base */ = {isa = PBXFileReference; lastKnownFileType = file.storyboard; name = Base; path = Base.lproj/Main.storyboard; sourceTree = "<group>"; };
		0FA98B9F2057A0A6008B45F1 /* Assets.xcassets */ = {isa = PBXFileReference; lastKnownFileType = folder.assetcatalog; path = Assets.xcassets; sourceTree = "<group>"; };
		0FA98BA22057A0A6008B45F1 /* Base */ = {isa = PBXFileReference; lastKnownFileType = file.storyboard; name = Base; path = Base.lproj/LaunchScreen.storyboard; sourceTree = "<group>"; };
		0FA98BA42057A0A6008B45F1 /* Info.plist */ = {isa = PBXFileReference; lastKnownFileType = text.plist.xml; path = Info.plist; sourceTree = "<group>"; };
/* End PBXFileReference section */

/* Begin PBXFrameworksBuildPhase section */
		0FA98B922057A0A6008B45F1 /* Frameworks */ = {
			isa = PBXFrameworksBuildPhase;
			buildActionMask = 2147483647;
			files = (
			);
			runOnlyForDeploymentPostprocessing = 0;
		};
/* End PBXFrameworksBuildPhase section */

/* Begin PBXGroup section */
		0FA98B8C2057A0A6008B45F1 = {
			isa = PBXGroup;
			children = (
				0FA98B972057A0A6008B45F1 /* fo-training */,
				0FA98B962057A0A6008B45F1 /* Products */,
			);
			sourceTree = "<group>";
		};
		0FA98B962057A0A6008B45F1 /* Products */ = {
			isa = PBXGroup;
			children = (
				0FA98B952057A0A6008B45F1 /* fo-training.app */,
			);
			name = Products;
			sourceTree = "<group>";
		};
		0FA98B972057A0A6008B45F1 /* fo-training */ = {
			isa = PBXGroup;
			children = (
				0FA98B982057A0A6008B45F1 /* AppDelegate.swift */,
				0FA98B9A2057A0A6008B45F1 /* ViewController.swift */,
				0FA98B9C2057A0A6008B45F1 /* Main.storyboard */,
				0FA98B9F2057A0A6008B45F1 /* Assets.xcassets */,
				0FA98BA12057A0A6008B45F1 /* LaunchScreen.storyboard */,
				0FA98BA42057A0A6008B45F1 /* Info.plist */,
			);
			path = "fo-training";
			sourceTree = "<group>";
		};
/* End PBXGroup section */

/* Begin PBXNativeTarget section */
		0FA98B942057A0A6008B45F1 /* fo-training */ = {
			isa = PBXNativeTarget;
			buildConfigurationList = 0FA98BA72057A0A6008B45F1 /* Build configuration list for PBXNativeTarget "fo-training" */;
			buildPhases = (
				0FA98B912057A0A6008B45F1 /* Sources */,
				0FA98B922057A0A6008B45F1 /* Frameworks */,
				0FA98B932057A0A6008B45F1 /* Resources */,
			);
			buildRules = (
			);
			dependencies = (
			);
			name = "fo-training";
			productName = "fo-training";
			productReference = 0FA98B952057A0A6008B45F1 /* fo-training.app */;
			productType = "com.apple.product-type.application";
		};
/* End PBXNativeTarget section */

/* Begin PBXProject section */
		0FA98B8D2057A0A6008B45F1 /* Project object */ = {
			isa = PBXProject;
			attributes = {
				LastSwiftUpdateCheck = 0920;
				LastUpgradeCheck = 0920;
				ORGANIZATIONNAME = Fo;
				TargetAttributes = {
					0FA98B942057A0A6008B45F1 = {
						CreatedOnToolsVersion = 9.2;
						ProvisioningStyle = Automatic;
					};
				};
			};
			buildConfigurationList = 0FA98B902057A0A6008B45F1 /* Build configuration list for PBXProject "fo-training" */;
			compatibilityVersion = "Xcode 8.0";
			developmentRegion = en;
			hasScannedForEncodings = 0;
			knownRegions = (
				en,
				Base,
			);
			mainGroup = 0FA98B8C2057A0A6008B45F1;
			productRefGroup = 0FA98B962057A0A6008B45F1 /* Products */;
			projectDirPath = "";
			projectRoot = "";
			targets = (
				0FA98B942057A0A6008B45F1 /* fo-training */,
			);
		};
/* End PBXProject section */

/* Begin PBXResourcesBuildPhase section */
		0FA98B932057A0A6008B45F1 /* Resources */ = {
			isa = PBXResourcesBuildPhase;
			buildActionMask = 2147483647;
			files = (
				0FA98BA32057A0A6008B45F1 /* LaunchScreen.storyboard in Resources */,
				0FA98BA02057A0A6008B45F1 /* Assets.xcassets in Resources */,
				0FA98B9E2057A0A6008B45F1 /* Main.storyboard in Resources */,
			);
			runOnlyForDeploymentPostprocessing = 0;
		};
/* End PBXResourcesBuildPhase section */

/* Begin PBXSourcesBuildPhase section */
		0FA98B912057A0A6008B45F1 /* Sources */ = {
			isa = PBXSourcesBuildPhase;
			buildActionMask = 2147483647;
			files = (
				0FA98B9B2057A0A6008B45F1 /* ViewController.swift in Sources */,
				0FA98B992057A0A6008B45F1 /* AppDelegate.swift in Sources */,
			);
			runOnlyForDeploymentPostprocessing = 0;
		};
/* End PBXSourcesBuildPhase section */

/* Begin PBXVariantGroup section */
		0FA98B9C2057A0A6008B45F1 /* Main.storyboard */ = {
			isa = PBXVariantGroup;
			children = (
				0FA98B9D2057A0A6008B45F1 /* Base */,
			);
			name = Main.storyboard;
			sourceTree = "<group>";
		};
		0FA98BA12057A0A6008B45F1 /* LaunchScreen.storyboard */ = {
			isa = PBXVariantGroup;
			children = (
				0FA98BA22057A0A6008B45F1 /* Base */,
			);
			name = LaunchScreen.storyboard;
			sourceTree = "<group>";
		};
/* End PBXVariantGroup section */

/* Begin XCBuildConfiguration section */
		0FA98BA52057A0A6008B45F1 /* Debug */ = {
			isa = XCBuildConfiguration;
			buildSettings = {
				ALWAYS_SEARCH_USER_PATHS = NO;
				CLANG_ANALYZER_NONNULL = YES;
				CLANG_ANALYZER_NUMBER_OBJECT_CONVERSION = YES_AGGRESSIVE;
				CLANG_CXX_LANGUAGE_STANDARD = "gnu++14";
				CLANG_CXX_LIBRARY = "libc++";
				CLANG_ENABLE_MODULES = YES;
				CLANG_ENABLE_OBJC_ARC = YES;
				CLANG_WARN_BLOCK_CAPTURE_AUTORELEASING = YES;
				CLANG_WARN_BOOL_CONVERSION = YES;
				CLANG_WARN_COMMA = YES;
				CLANG_WARN_CONSTANT_CONVERSION = YES;
				CLANG_WARN_DIRECT_OBJC_ISA_USAGE = YES_ERROR;
				CLANG_WARN_DOCUMENTATION_COMMENTS = YES;
				CLANG_WARN_EMPTY_BODY = YES;
				CLANG_WARN_ENUM_CONVERSION = YES;
				CLANG_WARN_INFINITE_RECURSION = YES;
				CLANG_WARN_INT_CONVERSION = YES;
				CLANG_WARN_NON_LITERAL_NULL_CONVERSION = YES;
				CLANG_WARN_OBJC_LITERAL_CONVERSION = YES;
				CLANG_WARN_OBJC_ROOT_CLASS = YES_ERROR;
				CLANG_WARN_RANGE_LOOP_ANALYSIS = YES;
				CLANG_WARN_STRICT_PROTOTYPES = YES;
				CLANG_WARN_SUSPICIOUS_MOVE = YES;
				CLANG_WARN_UNGUARDED_AVAILABILITY = YES_AGGRESSIVE;
				CLANG_WARN_UNREACHABLE_CODE = YES;
				CLANG_WARN__DUPLICATE_METHOD_MATCH = YES;
				CODE_SIGN_IDENTITY = "iPhone Developer";
				COPY_PHASE_STRIP = NO;
				DEBUG_INFORMATION_FORMAT = dwarf;
				ENABLE_STRICT_OBJC_MSGSEND = YES;
				ENABLE_TESTABILITY = YES;
				GCC_C_LANGUAGE_STANDARD = gnu11;
				GCC_DYNAMIC_NO_PIC = NO;
				GCC_NO_COMMON_BLOCKS = YES;
				GCC_OPTIMIZATION_LEVEL = 0;
				GCC_PREPROCESSOR_DEFINITIONS = (
					"DEBUG=1",
					"$(inherited)",
				);
				GCC_WARN_64_TO_32_BIT_CONVERSION = YES;
				GCC_WARN_ABOUT_RETURN_TYPE = YES_ERROR;
				GCC_WARN_UNDECLARED_SELECTOR = YES;
				GCC_WARN_UNINITIALIZED_AUTOS = YES_AGGRESSIVE;
				GCC_WARN_UNUSED_FUNCTION = YES;
				GCC_WARN_UNUSED_VARIABLE = YES;
				IPHONEOS_DEPLOYMENT_TARGET = 11.2;
				MTL_ENABLE_DEBUG_INFO = YES;
				ONLY_ACTIVE_ARCH = YES;
				SDKROOT = iphoneos;
				SWIFT_ACTIVE_COMPILATION_CONDITIONS = DEBUG;
				SWIFT_OPTIMIZATION_LEVEL = "-Onone";
			};
			name = Debug;
		};
		0FA98BA62057A0A6008B45F1 /* Release */ = {
			isa = XCBuildConfiguration;
			buildSettings = {
				ALWAYS_SEARCH_USER_PATHS = NO;
				CLANG_ANALYZER_NONNULL = YES;
				CLANG_ANALYZER_NUMBER_OBJECT_CONVERSION = YES_AGGRESSIVE;
				CLANG_CXX_LANGUAGE_STANDARD = "gnu++14";
				CLANG_CXX_LIBRARY = "libc++";
				CLANG_ENABLE_MODULES = YES;
				CLANG_ENABLE_OBJC_ARC = YES;
				CLANG_WARN_BLOCK_CAPTURE_AUTORELEASING = YES;
				CLANG_WARN_BOOL_CONVERSION = YES;
				CLANG_WARN_COMMA = YES;
				CLANG_WARN_CONSTANT_CONVERSION = YES;
				CLANG_WARN_DIRECT_OBJC_ISA_USAGE = YES_ERROR;
				CLANG_WARN_DOCUMENTATION_COMMENTS = YES;
				CLANG_WARN_EMPTY_BODY = YES;
				CLANG_WARN_ENUM_CONVERSION = YES;
				CLANG_WARN_INFINITE_RECURSION = YES;
				CLANG_WARN_INT_CONVERSION = YES;
				CLANG_WARN_NON_LITERAL_NULL_CONVERSION = YES;
				CLANG_WARN_OBJC_LITERAL_CONVERSION = YES;
				CLANG_WARN_OBJC_ROOT_CLASS = YES_ERROR;
				CLANG_WARN_RANGE_LOOP_ANALYSIS = YES;
				CLANG_WARN_STRICT_PROTOTYPES = YES;
				CLANG_WARN_SUSPICIOUS_MOVE = YES;
				CLANG_WARN_UNGUARDED_AVAILABILITY = YES_AGGRESSIVE;
				CLANG_WARN_UNREACHABLE_CODE = YES;
				CLANG_WARN__DUPLICATE_METHOD_MATCH = YES;
				CODE_SIGN_IDENTITY = "iPhone Developer";
				COPY_PHASE_STRIP = NO;
				DEBUG_INFORMATION_FORMAT = "dwarf-with-dsym";
				ENABLE_NS_ASSERTIONS = NO;
				ENABLE_STRICT_OBJC_MSGSEND = YES;
				GCC_C_LANGUAGE_STANDARD = gnu11;
				GCC_NO_COMMON_BLOCKS = YES;
				GCC_WARN_64_TO_32_BIT_CONVERSION = YES;
				GCC_WARN_ABOUT_RETURN_TYPE = YES_ERROR;
				GCC_WARN_UNDECLARED_SELECTOR = YES;
				GCC_WARN_UNINITIALIZED_AUTOS = YES_AGGRESSIVE;
				GCC_WARN_UNUSED_FUNCTION = YES;
				GCC_WARN_UNUSED_VARIABLE = YES;
				IPHONEOS_DEPLOYMENT_TARGET = 11.2;
				MTL_ENABLE_DEBUG_INFO = NO;
				SDKROOT = iphoneos;
				SWIFT_OPTIMIZATION_LEVEL = "-Owholemodule";
				VALIDATE_PRODUCT = YES;
			};
			name = Release;
		};
		0FA98BA82057A0A6008B45F1 /* Debug */ = {
			isa = XCBuildConfiguration;
			buildSettings = {
				ASSETCATALOG_COMPILER_APPICON_NAME = AppIcon;
				CODE_SIGN_STYLE = Automatic;
				DEVELOPMENT_TEAM = H37F2SW7UJ;
				INFOPLIST_FILE = "fo-training/Info.plist";
				LD_RUNPATH_SEARCH_PATHS = "$(inherited) @executable_path/Frameworks";
				PRODUCT_BUNDLE_IDENTIFIER = "com.fo.fo-training";
				PRODUCT_NAME = "$(TARGET_NAME)";
				SWIFT_VERSION = 4.0;
				TARGETED_DEVICE_FAMILY = "1,2";
			};
			name = Debug;
		};
		0FA98BA92057A0A6008B45F1 /* Release */ = {
			isa = XCBuildConfiguration;
			buildSettings = {
				ASSETCATALOG_COMPILER_APPICON_NAME = AppIcon;
				CODE_SIGN_STYLE = Automatic;
				DEVELOPMENT_TEAM = H37F2SW7UJ;
				INFOPLIST_FILE = "fo-training/Info.plist";
				LD_RUNPATH_SEARCH_PATHS = "$(inherited) @executable_path/Frameworks";
				PRODUCT_BUNDLE_IDENTIFIER = "com.fo.fo-training";
				PRODUCT_NAME = "$(TARGET_NAME)";
				SWIFT_VERSION = 4.0;
				TARGETED_DEVICE_FAMILY = "1,2";
			};
			name = Release;
		};
/* End XCBuildConfiguration section */

/* Begin XCConfigurationList section */
		0FA98B902057A0A6008B45F1 /* Build configuration list for PBXProject "fo-training" */ = {
			isa = XCConfigurationList;
			buildConfigurations = (
				0FA98BA52057A0A6008B45F1 /* Debug */,
				0FA98BA62057A0A6008B45F1 /* Release */,
			);
			defaultConfigurationIsVisible = 0;
			defaultConfigurationName = Release;
		};
		0FA98BA72057A0A6008B45F1 /* Build configuration list for PBXNativeTarget "fo-training" */ = {
			isa = XCConfigurationList;
			buildConfigurations = (
				0FA98BA82057A0A6008B45F1 /* Debug */,
				0FA98BA92057A0A6008B45F1 /* Release */,
			);
			defaultConfigurationIsVisible = 0;
			defaultConfigurationName = Release;
		};
/* End XCConfigurationList section */
	};
	rootObject = 0FA98B8D2057A0A6008B45F1 /* Project object */;
}
